// !$*UTF8*$!
{
	archiveVersion = 1;
	classes = {
	};
	objectVersion = 46;
	objects = {

/* Begin PBXBuildFile section */
		9DE9B66D1F05E60F00C249C9 /* ImageDetailViewController.m in Sources */ = {isa = PBXBuildFile; fileRef = 9DE9B66C1F05E60F00C249C9 /* ImageDetailViewController.m */; };
		9DE9B6701F05E80A00C249C9 /* SPVDetailModel.m in Sources */ = {isa = PBXBuildFile; fileRef = 9DE9B66F1F05E80A00C249C9 /* SPVDetailModel.m */; };
		9DE9B6731F060F5E00C249C9 /* ImageTableViewCell.m in Sources */ = {isa = PBXBuildFile; fileRef = 9DE9B6721F060F5E00C249C9 /* ImageTableViewCell.m */; };
		9DE9B6761F0620A300C249C9 /* ImageTitleTableViewCell.m in Sources */ = {isa = PBXBuildFile; fileRef = 9DE9B6751F0620A300C249C9 /* ImageTitleTableViewCell.m */; };
		BC13B0751F07463300245FDD /* SPVImageView.m in Sources */ = {isa = PBXBuildFile; fileRef = BC13B0741F07463300245FDD /* SPVImageView.m */; };
		BC2050531F0A7068002A44F6 /* PlayerViewController.m in Sources */ = {isa = PBXBuildFile; fileRef = BC2050511F0A7068002A44F6 /* PlayerViewController.m */; };
		BC2050541F0A7068002A44F6 /* PlayerViewController.xib in Resources */ = {isa = PBXBuildFile; fileRef = BC2050521F0A7068002A44F6 /* PlayerViewController.xib */; };
		BC2050571F0A7153002A44F6 /* VideoViewModel.m in Sources */ = {isa = PBXBuildFile; fileRef = BC2050561F0A7153002A44F6 /* VideoViewModel.m */; };
		BC20505B1F0A7636002A44F6 /* close-button.png in Resources */ = {isa = PBXBuildFile; fileRef = BC2050581F0A7636002A44F6 /* close-button.png */; };
		BC20505C1F0A7636002A44F6 /* close-button@2x.png in Resources */ = {isa = PBXBuildFile; fileRef = BC2050591F0A7636002A44F6 /* close-button@2x.png */; };
		BC20505D1F0A7636002A44F6 /* close-button@3x.png in Resources */ = {isa = PBXBuildFile; fileRef = BC20505A1F0A7636002A44F6 /* close-button@3x.png */; };
		BC43B3581F03DE1C00998A59 /* main.m in Sources */ = {isa = PBXBuildFile; fileRef = BC43B3571F03DE1C00998A59 /* main.m */; };
		BC43B35B1F03DE1C00998A59 /* AppDelegate.m in Sources */ = {isa = PBXBuildFile; fileRef = BC43B35A1F03DE1C00998A59 /* AppDelegate.m */; };
		BC43B3611F03DE1C00998A59 /* Main.storyboard in Resources */ = {isa = PBXBuildFile; fileRef = BC43B35F1F03DE1C00998A59 /* Main.storyboard */; };
		BC43B3631F03DE1C00998A59 /* Assets.xcassets in Resources */ = {isa = PBXBuildFile; fileRef = BC43B3621F03DE1C00998A59 /* Assets.xcassets */; };
		BC43B3661F03DE1C00998A59 /* LaunchScreen.storyboard in Resources */ = {isa = PBXBuildFile; fileRef = BC43B3641F03DE1C00998A59 /* LaunchScreen.storyboard */; };
		BC43B36F1F03E0F500998A59 /* MainCollectionViewController.m in Sources */ = {isa = PBXBuildFile; fileRef = BC43B36E1F03E0F500998A59 /* MainCollectionViewController.m */; };
		BC43B3741F03E2A100998A59 /* SPVCreationModel.m in Sources */ = {isa = PBXBuildFile; fileRef = BC43B3731F03E2A100998A59 /* SPVCreationModel.m */; };
		BC43B3821F03F24200998A59 /* UIActivityIndicatorView+loading.m in Sources */ = {isa = PBXBuildFile; fileRef = BC43B3811F03F24200998A59 /* UIActivityIndicatorView+loading.m */; };
		BCC56E8B1F0492B300A9F879 /* SPVCollectionViewCell.m in Sources */ = {isa = PBXBuildFile; fileRef = BCC56E8A1F0492B300A9F879 /* SPVCollectionViewCell.m */; };
		BCC56EA11F04C65C00A9F879 /* SPVCollectionViewCoverFlowLayout.m in Sources */ = {isa = PBXBuildFile; fileRef = BCC56EA01F04C65C00A9F879 /* SPVCollectionViewCoverFlowLayout.m */; };
		BCC56F1F1F0B55E000A9F879 /* Localizable.strings in Resources */ = {isa = PBXBuildFile; fileRef = BCC56F211F0B55E000A9F879 /* Localizable.strings */; };
		BCE74C961F0943AC00112BCB /* include in Resources */ = {isa = PBXBuildFile; fileRef = BCE74C921F0943AC00112BCB /* include */; };
		BCE74C971F0943AC00112BCB /* libffmpeg.a in Frameworks */ = {isa = PBXBuildFile; fileRef = BCE74C931F0943AC00112BCB /* libffmpeg.a */; };
		BCE74C981F0943AC00112BCB /* libopenssl.a in Frameworks */ = {isa = PBXBuildFile; fileRef = BCE74C941F0943AC00112BCB /* libopenssl.a */; };
		BCE74C991F0943AC00112BCB /* libVitamio.a in Frameworks */ = {isa = PBXBuildFile; fileRef = BCE74C951F0943AC00112BCB /* libVitamio.a */; };
		BCE74C9B1F0943C000112BCB /* AVFoundation.framework in Frameworks */ = {isa = PBXBuildFile; fileRef = BCE74C9A1F0943C000112BCB /* AVFoundation.framework */; };
		BCE74C9D1F0943C600112BCB /* AudioToolbox.framework in Frameworks */ = {isa = PBXBuildFile; fileRef = BCE74C9C1F0943C600112BCB /* AudioToolbox.framework */; };
		BCE74C9F1F0943CB00112BCB /* CoreGraphics.framework in Frameworks */ = {isa = PBXBuildFile; fileRef = BCE74C9E1F0943CB00112BCB /* CoreGraphics.framework */; };
		BCE74CA11F0943D000112BCB /* CoreMedia.framework in Frameworks */ = {isa = PBXBuildFile; fileRef = BCE74CA01F0943D000112BCB /* CoreMedia.framework */; };
		BCE74CA31F0943D600112BCB /* CoreVideo.framework in Frameworks */ = {isa = PBXBuildFile; fileRef = BCE74CA21F0943D600112BCB /* CoreVideo.framework */; };
		BCE74CA51F0943DB00112BCB /* Foundation.framework in Frameworks */ = {isa = PBXBuildFile; fileRef = BCE74CA41F0943DB00112BCB /* Foundation.framework */; };
		BCE74CA71F0943E200112BCB /* MediaPlayer.framework in Frameworks */ = {isa = PBXBuildFile; fileRef = BCE74CA61F0943E200112BCB /* MediaPlayer.framework */; };
		BCE74CA91F0943E700112BCB /* OpenGLES.framework in Frameworks */ = {isa = PBXBuildFile; fileRef = BCE74CA81F0943E700112BCB /* OpenGLES.framework */; };
		BCE74CAB1F0943EC00112BCB /* QuartzCore.framework in Frameworks */ = {isa = PBXBuildFile; fileRef = BCE74CAA1F0943EC00112BCB /* QuartzCore.framework */; };
		BCE74CAD1F0943F200112BCB /* libbz2.tbd in Frameworks */ = {isa = PBXBuildFile; fileRef = BCE74CAC1F0943F200112BCB /* libbz2.tbd */; };
		BCE74CAF1F0943F600112BCB /* libz.tbd in Frameworks */ = {isa = PBXBuildFile; fileRef = BCE74CAE1F0943F600112BCB /* libz.tbd */; };
		BCE74CB11F0943FC00112BCB /* libstdc++.tbd in Frameworks */ = {isa = PBXBuildFile; fileRef = BCE74CB01F0943FC00112BCB /* libstdc++.tbd */; };
		BCE74CB31F09440100112BCB /* libiconv.tbd in Frameworks */ = {isa = PBXBuildFile; fileRef = BCE74CB21F09440100112BCB /* libiconv.tbd */; };
		F8F2E5A1ABBBF83C6243AE4D /* libPods-SkyPixel.a in Frameworks */ = {isa = PBXBuildFile; fileRef = 29BE0CEE6B377480AFDD7E87 /* libPods-SkyPixel.a */; };
/* End PBXBuildFile section */

/* Begin PBXFileReference section */
		29BE0CEE6B377480AFDD7E87 /* libPods-SkyPixel.a */ = {isa = PBXFileReference; explicitFileType = archive.ar; includeInIndex = 0; path = "libPods-SkyPixel.a"; sourceTree = BUILT_PRODUCTS_DIR; };
		2C4190FAF7ADBD31F8C81B45 /* Pods-SkyPixel.release.xcconfig */ = {isa = PBXFileReference; includeInIndex = 1; lastKnownFileType = text.xcconfig; name = "Pods-SkyPixel.release.xcconfig"; path = "Pods/Target Support Files/Pods-SkyPixel/Pods-SkyPixel.release.xcconfig"; sourceTree = "<group>"; };
		9DE9B66B1F05E60F00C249C9 /* ImageDetailViewController.h */ = {isa = PBXFileReference; fileEncoding = 4; lastKnownFileType = sourcecode.c.h; path = ImageDetailViewController.h; sourceTree = "<group>"; };
		9DE9B66C1F05E60F00C249C9 /* ImageDetailViewController.m */ = {isa = PBXFileReference; fileEncoding = 4; lastKnownFileType = sourcecode.c.objc; path = ImageDetailViewController.m; sourceTree = "<group>"; };
		9DE9B66E1F05E80A00C249C9 /* SPVDetailModel.h */ = {isa = PBXFileReference; fileEncoding = 4; lastKnownFileType = sourcecode.c.h; path = SPVDetailModel.h; sourceTree = "<group>"; };
		9DE9B66F1F05E80A00C249C9 /* SPVDetailModel.m */ = {isa = PBXFileReference; fileEncoding = 4; lastKnownFileType = sourcecode.c.objc; path = SPVDetailModel.m; sourceTree = "<group>"; };
		9DE9B6711F060F5E00C249C9 /* ImageTableViewCell.h */ = {isa = PBXFileReference; fileEncoding = 4; lastKnownFileType = sourcecode.c.h; path = ImageTableViewCell.h; sourceTree = "<group>"; };
		9DE9B6721F060F5E00C249C9 /* ImageTableViewCell.m */ = {isa = PBXFileReference; fileEncoding = 4; lastKnownFileType = sourcecode.c.objc; path = ImageTableViewCell.m; sourceTree = "<group>"; };
		9DE9B6741F0620A300C249C9 /* ImageTitleTableViewCell.h */ = {isa = PBXFileReference; fileEncoding = 4; lastKnownFileType = sourcecode.c.h; path = ImageTitleTableViewCell.h; sourceTree = "<group>"; };
		9DE9B6751F0620A300C249C9 /* ImageTitleTableViewCell.m */ = {isa = PBXFileReference; fileEncoding = 4; lastKnownFileType = sourcecode.c.objc; path = ImageTitleTableViewCell.m; sourceTree = "<group>"; };
		BC13B0731F07463300245FDD /* SPVImageView.h */ = {isa = PBXFileReference; fileEncoding = 4; lastKnownFileType = sourcecode.c.h; path = SPVImageView.h; sourceTree = "<group>"; };
		BC13B0741F07463300245FDD /* SPVImageView.m */ = {isa = PBXFileReference; fileEncoding = 4; lastKnownFileType = sourcecode.c.objc; path = SPVImageView.m; sourceTree = "<group>"; };
		BC2050501F0A7068002A44F6 /* PlayerViewController.h */ = {isa = PBXFileReference; fileEncoding = 4; lastKnownFileType = sourcecode.c.h; path = PlayerViewController.h; sourceTree = "<group>"; };
		BC2050511F0A7068002A44F6 /* PlayerViewController.m */ = {isa = PBXFileReference; fileEncoding = 4; lastKnownFileType = sourcecode.c.objc; path = PlayerViewController.m; sourceTree = "<group>"; };
		BC2050521F0A7068002A44F6 /* PlayerViewController.xib */ = {isa = PBXFileReference; fileEncoding = 4; lastKnownFileType = file.xib; path = PlayerViewController.xib; sourceTree = "<group>"; };
		BC2050551F0A7153002A44F6 /* VideoViewModel.h */ = {isa = PBXFileReference; fileEncoding = 4; lastKnownFileType = sourcecode.c.h; path = VideoViewModel.h; sourceTree = "<group>"; };
		BC2050561F0A7153002A44F6 /* VideoViewModel.m */ = {isa = PBXFileReference; fileEncoding = 4; lastKnownFileType = sourcecode.c.objc; path = VideoViewModel.m; sourceTree = "<group>"; };
		BC2050581F0A7636002A44F6 /* close-button.png */ = {isa = PBXFileReference; lastKnownFileType = image.png; path = "close-button.png"; sourceTree = "<group>"; };
		BC2050591F0A7636002A44F6 /* close-button@2x.png */ = {isa = PBXFileReference; lastKnownFileType = image.png; path = "close-button@2x.png"; sourceTree = "<group>"; };
		BC20505A1F0A7636002A44F6 /* close-button@3x.png */ = {isa = PBXFileReference; lastKnownFileType = image.png; path = "close-button@3x.png"; sourceTree = "<group>"; };
		BC43B3531F03DE1C00998A59 /* SkyPixel.app */ = {isa = PBXFileReference; explicitFileType = wrapper.application; includeInIndex = 0; path = SkyPixel.app; sourceTree = BUILT_PRODUCTS_DIR; };
		BC43B3571F03DE1C00998A59 /* main.m */ = {isa = PBXFileReference; lastKnownFileType = sourcecode.c.objc; path = main.m; sourceTree = "<group>"; };
		BC43B3591F03DE1C00998A59 /* AppDelegate.h */ = {isa = PBXFileReference; lastKnownFileType = sourcecode.c.h; path = AppDelegate.h; sourceTree = "<group>"; };
		BC43B35A1F03DE1C00998A59 /* AppDelegate.m */ = {isa = PBXFileReference; lastKnownFileType = sourcecode.c.objc; path = AppDelegate.m; sourceTree = "<group>"; };
		BC43B3601F03DE1C00998A59 /* Base */ = {isa = PBXFileReference; lastKnownFileType = file.storyboard; name = Base; path = Base.lproj/Main.storyboard; sourceTree = "<group>"; };
		BC43B3621F03DE1C00998A59 /* Assets.xcassets */ = {isa = PBXFileReference; lastKnownFileType = folder.assetcatalog; path = Assets.xcassets; sourceTree = "<group>"; };
		BC43B3651F03DE1C00998A59 /* Base */ = {isa = PBXFileReference; lastKnownFileType = file.storyboard; name = Base; path = Base.lproj/LaunchScreen.storyboard; sourceTree = "<group>"; };
		BC43B3671F03DE1C00998A59 /* Info.plist */ = {isa = PBXFileReference; lastKnownFileType = text.plist.xml; path = Info.plist; sourceTree = "<group>"; };
		BC43B36D1F03E0F500998A59 /* MainCollectionViewController.h */ = {isa = PBXFileReference; fileEncoding = 4; lastKnownFileType = sourcecode.c.h; path = MainCollectionViewController.h; sourceTree = "<group>"; };
		BC43B36E1F03E0F500998A59 /* MainCollectionViewController.m */ = {isa = PBXFileReference; fileEncoding = 4; lastKnownFileType = sourcecode.c.objc; path = MainCollectionViewController.m; sourceTree = "<group>"; };
		BC43B3721F03E2A100998A59 /* SPVCreationModel.h */ = {isa = PBXFileReference; fileEncoding = 4; lastKnownFileType = sourcecode.c.h; path = SPVCreationModel.h; sourceTree = "<group>"; };
		BC43B3731F03E2A100998A59 /* SPVCreationModel.m */ = {isa = PBXFileReference; fileEncoding = 4; lastKnownFileType = sourcecode.c.objc; path = SPVCreationModel.m; sourceTree = "<group>"; };
		BC43B3801F03F24200998A59 /* UIActivityIndicatorView+loading.h */ = {isa = PBXFileReference; fileEncoding = 4; lastKnownFileType = sourcecode.c.h; path = "UIActivityIndicatorView+loading.h"; sourceTree = "<group>"; };
		BC43B3811F03F24200998A59 /* UIActivityIndicatorView+loading.m */ = {isa = PBXFileReference; fileEncoding = 4; lastKnownFileType = sourcecode.c.objc; path = "UIActivityIndicatorView+loading.m"; sourceTree = "<group>"; };
		BCC56E891F0492B300A9F879 /* SPVCollectionViewCell.h */ = {isa = PBXFileReference; fileEncoding = 4; lastKnownFileType = sourcecode.c.h; path = SPVCollectionViewCell.h; sourceTree = "<group>"; };
		BCC56E8A1F0492B300A9F879 /* SPVCollectionViewCell.m */ = {isa = PBXFileReference; fileEncoding = 4; lastKnownFileType = sourcecode.c.objc; path = SPVCollectionViewCell.m; sourceTree = "<group>"; };
		BCC56E9F1F04C65C00A9F879 /* SPVCollectionViewCoverFlowLayout.h */ = {isa = PBXFileReference; fileEncoding = 4; lastKnownFileType = sourcecode.c.h; path = SPVCollectionViewCoverFlowLayout.h; sourceTree = "<group>"; };
		BCC56EA01F04C65C00A9F879 /* SPVCollectionViewCoverFlowLayout.m */ = {isa = PBXFileReference; fileEncoding = 4; lastKnownFileType = sourcecode.c.objc; path = SPVCollectionViewCoverFlowLayout.m; sourceTree = "<group>"; };
		BCC56F191F0B557D00A9F879 /* zh-Hans */ = {isa = PBXFileReference; lastKnownFileType = text.plist.strings; name = "zh-Hans"; path = "zh-Hans.lproj/Main.strings"; sourceTree = "<group>"; };
		BCC56F1A1F0B557D00A9F879 /* zh-Hans */ = {isa = PBXFileReference; lastKnownFileType = text.plist.strings; name = "zh-Hans"; path = "zh-Hans.lproj/LaunchScreen.strings"; sourceTree = "<group>"; };
		BCC56F1B1F0B558200A9F879 /* ja */ = {isa = PBXFileReference; lastKnownFileType = text.plist.strings; name = ja; path = ja.lproj/Main.strings; sourceTree = "<group>"; };
		BCC56F1C1F0B558200A9F879 /* ja */ = {isa = PBXFileReference; lastKnownFileType = text.plist.strings; name = ja; path = ja.lproj/LaunchScreen.strings; sourceTree = "<group>"; };
		BCC56F201F0B55E000A9F879 /* Base */ = {isa = PBXFileReference; lastKnownFileType = text.plist.strings; name = Base; path = Base.lproj/Localizable.strings; sourceTree = "<group>"; };
		BCC56F221F0B55E400A9F879 /* en */ = {isa = PBXFileReference; lastKnownFileType = text.plist.strings; name = en; path = en.lproj/Localizable.strings; sourceTree = "<group>"; };
		BCC56F231F0B55E500A9F879 /* ja */ = {isa = PBXFileReference; lastKnownFileType = text.plist.strings; name = ja; path = ja.lproj/Localizable.strings; sourceTree = "<group>"; };
		BCC56F241F0B55E600A9F879 /* zh-Hans */ = {isa = PBXFileReference; lastKnownFileType = text.plist.strings; name = "zh-Hans"; path = "zh-Hans.lproj/Localizable.strings"; sourceTree = "<group>"; };
		BCE74C921F0943AC00112BCB /* include */ = {isa = PBXFileReference; lastKnownFileType = folder; path = include; sourceTree = "<group>"; };
		BCE74C931F0943AC00112BCB /* libffmpeg.a */ = {isa = PBXFileReference; lastKnownFileType = archive.ar; path = libffmpeg.a; sourceTree = "<group>"; };
		BCE74C941F0943AC00112BCB /* libopenssl.a */ = {isa = PBXFileReference; lastKnownFileType = archive.ar; path = libopenssl.a; sourceTree = "<group>"; };
		BCE74C951F0943AC00112BCB /* libVitamio.a */ = {isa = PBXFileReference; lastKnownFileType = archive.ar; path = libVitamio.a; sourceTree = "<group>"; };
		BCE74C9A1F0943C000112BCB /* AVFoundation.framework */ = {isa = PBXFileReference; lastKnownFileType = wrapper.framework; name = AVFoundation.framework; path = System/Library/Frameworks/AVFoundation.framework; sourceTree = SDKROOT; };
		BCE74C9C1F0943C600112BCB /* AudioToolbox.framework */ = {isa = PBXFileReference; lastKnownFileType = wrapper.framework; name = AudioToolbox.framework; path = System/Library/Frameworks/AudioToolbox.framework; sourceTree = SDKROOT; };
		BCE74C9E1F0943CB00112BCB /* CoreGraphics.framework */ = {isa = PBXFileReference; lastKnownFileType = wrapper.framework; name = CoreGraphics.framework; path = System/Library/Frameworks/CoreGraphics.framework; sourceTree = SDKROOT; };
		BCE74CA01F0943D000112BCB /* CoreMedia.framework */ = {isa = PBXFileReference; lastKnownFileType = wrapper.framework; name = CoreMedia.framework; path = System/Library/Frameworks/CoreMedia.framework; sourceTree = SDKROOT; };
		BCE74CA21F0943D600112BCB /* CoreVideo.framework */ = {isa = PBXFileReference; lastKnownFileType = wrapper.framework; name = CoreVideo.framework; path = System/Library/Frameworks/CoreVideo.framework; sourceTree = SDKROOT; };
		BCE74CA41F0943DB00112BCB /* Foundation.framework */ = {isa = PBXFileReference; lastKnownFileType = wrapper.framework; name = Foundation.framework; path = System/Library/Frameworks/Foundation.framework; sourceTree = SDKROOT; };
		BCE74CA61F0943E200112BCB /* MediaPlayer.framework */ = {isa = PBXFileReference; lastKnownFileType = wrapper.framework; name = MediaPlayer.framework; path = System/Library/Frameworks/MediaPlayer.framework; sourceTree = SDKROOT; };
		BCE74CA81F0943E700112BCB /* OpenGLES.framework */ = {isa = PBXFileReference; lastKnownFileType = wrapper.framework; name = OpenGLES.framework; path = System/Library/Frameworks/OpenGLES.framework; sourceTree = SDKROOT; };
		BCE74CAA1F0943EC00112BCB /* QuartzCore.framework */ = {isa = PBXFileReference; lastKnownFileType = wrapper.framework; name = QuartzCore.framework; path = System/Library/Frameworks/QuartzCore.framework; sourceTree = SDKROOT; };
		BCE74CAC1F0943F200112BCB /* libbz2.tbd */ = {isa = PBXFileReference; lastKnownFileType = "sourcecode.text-based-dylib-definition"; name = libbz2.tbd; path = usr/lib/libbz2.tbd; sourceTree = SDKROOT; };
		BCE74CAE1F0943F600112BCB /* libz.tbd */ = {isa = PBXFileReference; lastKnownFileType = "sourcecode.text-based-dylib-definition"; name = libz.tbd; path = usr/lib/libz.tbd; sourceTree = SDKROOT; };
		BCE74CB01F0943FC00112BCB /* libstdc++.tbd */ = {isa = PBXFileReference; lastKnownFileType = "sourcecode.text-based-dylib-definition"; name = "libstdc++.tbd"; path = "usr/lib/libstdc++.tbd"; sourceTree = SDKROOT; };
		BCE74CB21F09440100112BCB /* libiconv.tbd */ = {isa = PBXFileReference; lastKnownFileType = "sourcecode.text-based-dylib-definition"; name = libiconv.tbd; path = usr/lib/libiconv.tbd; sourceTree = SDKROOT; };
		CB36B70873C5A58756C5E2F3 /* Pods-SkyPixel.debug.xcconfig */ = {isa = PBXFileReference; includeInIndex = 1; lastKnownFileType = text.xcconfig; name = "Pods-SkyPixel.debug.xcconfig"; path = "Pods/Target Support Files/Pods-SkyPixel/Pods-SkyPixel.debug.xcconfig"; sourceTree = "<group>"; };
/* End PBXFileReference section */

/* Begin PBXFrameworksBuildPhase section */
		BC43B3501F03DE1C00998A59 /* Frameworks */ = {
			isa = PBXFrameworksBuildPhase;
			buildActionMask = 2147483647;
			files = (
				BCE74CB31F09440100112BCB /* libiconv.tbd in Frameworks */,
				BCE74CB11F0943FC00112BCB /* libstdc++.tbd in Frameworks */,
				BCE74CAF1F0943F600112BCB /* libz.tbd in Frameworks */,
				BCE74CAD1F0943F200112BCB /* libbz2.tbd in Frameworks */,
				BCE74CAB1F0943EC00112BCB /* QuartzCore.framework in Frameworks */,
				BCE74CA91F0943E700112BCB /* OpenGLES.framework in Frameworks */,
				BCE74CA71F0943E200112BCB /* MediaPlayer.framework in Frameworks */,
				BCE74CA51F0943DB00112BCB /* Foundation.framework in Frameworks */,
				BCE74CA31F0943D600112BCB /* CoreVideo.framework in Frameworks */,
				BCE74CA11F0943D000112BCB /* CoreMedia.framework in Frameworks */,
				BCE74C9F1F0943CB00112BCB /* CoreGraphics.framework in Frameworks */,
				BCE74C9D1F0943C600112BCB /* AudioToolbox.framework in Frameworks */,
				BCE74C9B1F0943C000112BCB /* AVFoundation.framework in Frameworks */,
				BCE74C981F0943AC00112BCB /* libopenssl.a in Frameworks */,
				BCE74C971F0943AC00112BCB /* libffmpeg.a in Frameworks */,
				F8F2E5A1ABBBF83C6243AE4D /* libPods-SkyPixel.a in Frameworks */,
				BCE74C991F0943AC00112BCB /* libVitamio.a in Frameworks */,
			);
			runOnlyForDeploymentPostprocessing = 0;
		};
/* End PBXFrameworksBuildPhase section */

/* Begin PBXGroup section */
		75D67623A1FE2DA6DF0D795C /* Pods */ = {
			isa = PBXGroup;
			children = (
				CB36B70873C5A58756C5E2F3 /* Pods-SkyPixel.debug.xcconfig */,
				2C4190FAF7ADBD31F8C81B45 /* Pods-SkyPixel.release.xcconfig */,
			);
			name = Pods;
			sourceTree = "<group>";
		};
		8F370627FFF4DB8064BA6CF8 /* Frameworks */ = {
			isa = PBXGroup;
			children = (
				BCE74CB21F09440100112BCB /* libiconv.tbd */,
				BCE74CB01F0943FC00112BCB /* libstdc++.tbd */,
				BCE74CAE1F0943F600112BCB /* libz.tbd */,
				BCE74CAC1F0943F200112BCB /* libbz2.tbd */,
				BCE74CAA1F0943EC00112BCB /* QuartzCore.framework */,
				BCE74CA81F0943E700112BCB /* OpenGLES.framework */,
				BCE74CA61F0943E200112BCB /* MediaPlayer.framework */,
				BCE74CA41F0943DB00112BCB /* Foundation.framework */,
				BCE74CA21F0943D600112BCB /* CoreVideo.framework */,
				BCE74CA01F0943D000112BCB /* CoreMedia.framework */,
				BCE74C9E1F0943CB00112BCB /* CoreGraphics.framework */,
				BCE74C9C1F0943C600112BCB /* AudioToolbox.framework */,
				BCE74C9A1F0943C000112BCB /* AVFoundation.framework */,
				29BE0CEE6B377480AFDD7E87 /* libPods-SkyPixel.a */,
			);
			name = Frameworks;
			sourceTree = "<group>";
		};
		BC20504F1F0A7049002A44F6 /* Player */ = {
			isa = PBXGroup;
			children = (
				BC2050581F0A7636002A44F6 /* close-button.png */,
				BC2050591F0A7636002A44F6 /* close-button@2x.png */,
				BC20505A1F0A7636002A44F6 /* close-button@3x.png */,
				BC2050501F0A7068002A44F6 /* PlayerViewController.h */,
				BC2050511F0A7068002A44F6 /* PlayerViewController.m */,
				BC2050521F0A7068002A44F6 /* PlayerViewController.xib */,
				BC2050551F0A7153002A44F6 /* VideoViewModel.h */,
				BC2050561F0A7153002A44F6 /* VideoViewModel.m */,
			);
			name = Player;
			sourceTree = "<group>";
		};
		BC43B34A1F03DE1C00998A59 = {
			isa = PBXGroup;
			children = (
				BC43B3551F03DE1C00998A59 /* SkyPixel */,
				BC43B3541F03DE1C00998A59 /* Products */,
				75D67623A1FE2DA6DF0D795C /* Pods */,
				8F370627FFF4DB8064BA6CF8 /* Frameworks */,
			);
			sourceTree = "<group>";
		};
		BC43B3541F03DE1C00998A59 /* Products */ = {
			isa = PBXGroup;
			children = (
				BC43B3531F03DE1C00998A59 /* SkyPixel.app */,
			);
			name = Products;
			sourceTree = "<group>";
		};
		BC43B3551F03DE1C00998A59 /* SkyPixel */ = {
			isa = PBXGroup;
			children = (
				BC20504F1F0A7049002A44F6 /* Player */,
				BCE74C921F0943AC00112BCB /* include */,
				BCE74C931F0943AC00112BCB /* libffmpeg.a */,
				BCE74C941F0943AC00112BCB /* libopenssl.a */,
				BCE74C951F0943AC00112BCB /* libVitamio.a */,
				BC43B37F1F03F20E00998A59 /* UI */,
				BC43B3711F03E25300998A59 /* ViewModel */,
				BC43B3701F03E24700998A59 /* VC */,
				BC43B3591F03DE1C00998A59 /* AppDelegate.h */,
				BC43B35A1F03DE1C00998A59 /* AppDelegate.m */,
				BC43B35F1F03DE1C00998A59 /* Main.storyboard */,
				BC43B3621F03DE1C00998A59 /* Assets.xcassets */,
				BC43B3641F03DE1C00998A59 /* LaunchScreen.storyboard */,
				BC43B3671F03DE1C00998A59 /* Info.plist */,
				BC43B3561F03DE1C00998A59 /* Supporting Files */,
			);
			path = SkyPixel;
			sourceTree = "<group>";
		};
		BC43B3561F03DE1C00998A59 /* Supporting Files */ = {
			isa = PBXGroup;
			children = (
				BC43B3571F03DE1C00998A59 /* main.m */,
				BCC56F211F0B55E000A9F879 /* Localizable.strings */,
			);
			name = "Supporting Files";
			sourceTree = "<group>";
		};
		BC43B3701F03E24700998A59 /* VC */ = {
			isa = PBXGroup;
			children = (
				BC43B36D1F03E0F500998A59 /* MainCollectionViewController.h */,
				BC43B36E1F03E0F500998A59 /* MainCollectionViewController.m */,
				9DE9B66B1F05E60F00C249C9 /* ImageDetailViewController.h */,
				9DE9B66C1F05E60F00C249C9 /* ImageDetailViewController.m */,
			);
			name = VC;
			sourceTree = "<group>";
		};
		BC43B3711F03E25300998A59 /* ViewModel */ = {
			isa = PBXGroup;
			children = (
				BC43B3721F03E2A100998A59 /* SPVCreationModel.h */,
				BC43B3731F03E2A100998A59 /* SPVCreationModel.m */,
				9DE9B66E1F05E80A00C249C9 /* SPVDetailModel.h */,
				9DE9B66F1F05E80A00C249C9 /* SPVDetailModel.m */,
			);
			name = ViewModel;
			sourceTree = "<group>";
		};
		BC43B37F1F03F20E00998A59 /* UI */ = {
			isa = PBXGroup;
			children = (
				BC43B3801F03F24200998A59 /* UIActivityIndicatorView+loading.h */,
				BC43B3811F03F24200998A59 /* UIActivityIndicatorView+loading.m */,
				BCC56E891F0492B300A9F879 /* SPVCollectionViewCell.h */,
				BCC56E8A1F0492B300A9F879 /* SPVCollectionViewCell.m */,
				BCC56E9F1F04C65C00A9F879 /* SPVCollectionViewCoverFlowLayout.h */,
				BCC56EA01F04C65C00A9F879 /* SPVCollectionViewCoverFlowLayout.m */,
				9DE9B6711F060F5E00C249C9 /* ImageTableViewCell.h */,
				9DE9B6721F060F5E00C249C9 /* ImageTableViewCell.m */,
				9DE9B6741F0620A300C249C9 /* ImageTitleTableViewCell.h */,
				9DE9B6751F0620A300C249C9 /* ImageTitleTableViewCell.m */,
				BC13B0731F07463300245FDD /* SPVImageView.h */,
				BC13B0741F07463300245FDD /* SPVImageView.m */,
			);
			name = UI;
			sourceTree = "<group>";
		};
/* End PBXGroup section */

/* Begin PBXNativeTarget section */
		BC43B3521F03DE1C00998A59 /* SkyPixel */ = {
			isa = PBXNativeTarget;
			buildConfigurationList = BC43B36A1F03DE1C00998A59 /* Build configuration list for PBXNativeTarget "SkyPixel" */;
			buildPhases = (
				77BE2EE30CBE04B74C58244E /* [CP] Check Pods Manifest.lock */,
				BC43B34F1F03DE1C00998A59 /* Sources */,
				BC43B3501F03DE1C00998A59 /* Frameworks */,
				BC43B3511F03DE1C00998A59 /* Resources */,
				129BDBDC4BCA631452D98795 /* [CP] Embed Pods Frameworks */,
				A5A6D255A9541C2DE53B8ABA /* [CP] Copy Pods Resources */,
			);
			buildRules = (
			);
			dependencies = (
			);
			name = SkyPixel;
			productName = SkyPixel;
			productReference = BC43B3531F03DE1C00998A59 /* SkyPixel.app */;
			productType = "com.apple.product-type.application";
		};
/* End PBXNativeTarget section */

/* Begin PBXProject section */
		BC43B34B1F03DE1C00998A59 /* Project object */ = {
			isa = PBXProject;
			attributes = {
				LastUpgradeCheck = 0830;
				ORGANIZATIONNAME = "Xiangwei Wang";
				TargetAttributes = {
					BC43B3521F03DE1C00998A59 = {
						CreatedOnToolsVersion = 8.3.2;
						DevelopmentTeam = S78RUL88S5;
						ProvisioningStyle = Automatic;
					};
				};
			};
			buildConfigurationList = BC43B34E1F03DE1C00998A59 /* Build configuration list for PBXProject "SkyPixel" */;
			compatibilityVersion = "Xcode 3.2";
			developmentRegion = English;
			hasScannedForEncodings = 0;
			knownRegions = (
				en,
				Base,
				ja,
				"zh-Hans",
			);
			mainGroup = BC43B34A1F03DE1C00998A59;
			productRefGroup = BC43B3541F03DE1C00998A59 /* Products */;
			projectDirPath = "";
			projectRoot = "";
			targets = (
				BC43B3521F03DE1C00998A59 /* SkyPixel */,
			);
		};
/* End PBXProject section */

/* Begin PBXResourcesBuildPhase section */
		BC43B3511F03DE1C00998A59 /* Resources */ = {
			isa = PBXResourcesBuildPhase;
			buildActionMask = 2147483647;
			files = (
				BC20505D1F0A7636002A44F6 /* close-button@3x.png in Resources */,
				BC43B3661F03DE1C00998A59 /* LaunchScreen.storyboard in Resources */,
				BC2050541F0A7068002A44F6 /* PlayerViewController.xib in Resources */,
				BC20505B1F0A7636002A44F6 /* close-button.png in Resources */,
				BCC56F1F1F0B55E000A9F879 /* Localizable.strings in Resources */,
				BC43B3631F03DE1C00998A59 /* Assets.xcassets in Resources */,
				BC43B3611F03DE1C00998A59 /* Main.storyboard in Resources */,
				BC20505C1F0A7636002A44F6 /* close-button@2x.png in Resources */,
				BCE74C961F0943AC00112BCB /* include in Resources */,
			);
			runOnlyForDeploymentPostprocessing = 0;
		};
/* End PBXResourcesBuildPhase section */

/* Begin PBXShellScriptBuildPhase section */
		129BDBDC4BCA631452D98795 /* [CP] Embed Pods Frameworks */ = {
			isa = PBXShellScriptBuildPhase;
			buildActionMask = 2147483647;
			files = (
			);
			inputPaths = (
			);
			name = "[CP] Embed Pods Frameworks";
			outputPaths = (
			);
			runOnlyForDeploymentPostprocessing = 0;
			shellPath = /bin/sh;
			shellScript = "\"${SRCROOT}/Pods/Target Support Files/Pods-SkyPixel/Pods-SkyPixel-frameworks.sh\"\n";
			showEnvVarsInLog = 0;
		};
		77BE2EE30CBE04B74C58244E /* [CP] Check Pods Manifest.lock */ = {
			isa = PBXShellScriptBuildPhase;
			buildActionMask = 2147483647;
			files = (
			);
			inputPaths = (
			);
			name = "[CP] Check Pods Manifest.lock";
			outputPaths = (
			);
			runOnlyForDeploymentPostprocessing = 0;
			shellPath = /bin/sh;
			shellScript = "diff \"${PODS_ROOT}/../Podfile.lock\" \"${PODS_ROOT}/Manifest.lock\" > /dev/null\nif [[ $? != 0 ]] ; then\n    cat << EOM\nerror: The sandbox is not in sync with the Podfile.lock. Run 'pod install' or update your CocoaPods installation.\nEOM\n    exit 1\nfi\n";
			showEnvVarsInLog = 0;
		};
		A5A6D255A9541C2DE53B8ABA /* [CP] Copy Pods Resources */ = {
			isa = PBXShellScriptBuildPhase;
			buildActionMask = 2147483647;
			files = (
			);
			inputPaths = (
			);
			name = "[CP] Copy Pods Resources";
			outputPaths = (
			);
			runOnlyForDeploymentPostprocessing = 0;
			shellPath = /bin/sh;
			shellScript = "\"${SRCROOT}/Pods/Target Support Files/Pods-SkyPixel/Pods-SkyPixel-resources.sh\"\n";
			showEnvVarsInLog = 0;
		};
/* End PBXShellScriptBuildPhase section */

/* Begin PBXSourcesBuildPhase section */
		BC43B34F1F03DE1C00998A59 /* Sources */ = {
			isa = PBXSourcesBuildPhase;
			buildActionMask = 2147483647;
			files = (
				BCC56E8B1F0492B300A9F879 /* SPVCollectionViewCell.m in Sources */,
				9DE9B6701F05E80A00C249C9 /* SPVDetailModel.m in Sources */,
				BC43B3741F03E2A100998A59 /* SPVCreationModel.m in Sources */,
				BC43B36F1F03E0F500998A59 /* MainCollectionViewController.m in Sources */,
				BC2050571F0A7153002A44F6 /* VideoViewModel.m in Sources */,
				9DE9B66D1F05E60F00C249C9 /* ImageDetailViewController.m in Sources */,
				BC2050531F0A7068002A44F6 /* PlayerViewController.m in Sources */,
				BC43B35B1F03DE1C00998A59 /* AppDelegate.m in Sources */,
				BC43B3821F03F24200998A59 /* UIActivityIndicatorView+loading.m in Sources */,
				9DE9B6731F060F5E00C249C9 /* ImageTableViewCell.m in Sources */,
				BC13B0751F07463300245FDD /* SPVImageView.m in Sources */,
				9DE9B6761F0620A300C249C9 /* ImageTitleTableViewCell.m in Sources */,
				BC43B3581F03DE1C00998A59 /* main.m in Sources */,
				BCC56EA11F04C65C00A9F879 /* SPVCollectionViewCoverFlowLayout.m in Sources */,
			);
			runOnlyForDeploymentPostprocessing = 0;
		};
/* End PBXSourcesBuildPhase section */

/* Begin PBXVariantGroup section */
		BC43B35F1F03DE1C00998A59 /* Main.storyboard */ = {
			isa = PBXVariantGroup;
			children = (
				BC43B3601F03DE1C00998A59 /* Base */,
				BCC56F191F0B557D00A9F879 /* zh-Hans */,
				BCC56F1B1F0B558200A9F879 /* ja */,
			);
			name = Main.storyboard;
			sourceTree = "<group>";
		};
		BC43B3641F03DE1C00998A59 /* LaunchScreen.storyboard */ = {
			isa = PBXVariantGroup;
			children = (
				BC43B3651F03DE1C00998A59 /* Base */,
				BCC56F1A1F0B557D00A9F879 /* zh-Hans */,
				BCC56F1C1F0B558200A9F879 /* ja */,
			);
			name = LaunchScreen.storyboard;
			sourceTree = "<group>";
		};
		BCC56F211F0B55E000A9F879 /* Localizable.strings */ = {
			isa = PBXVariantGroup;
			children = (
				BCC56F201F0B55E000A9F879 /* Base */,
				BCC56F221F0B55E400A9F879 /* en */,
				BCC56F231F0B55E500A9F879 /* ja */,
				BCC56F241F0B55E600A9F879 /* zh-Hans */,
			);
			name = Localizable.strings;
			sourceTree = "<group>";
		};
/* End PBXVariantGroup section */

/* Begin XCBuildConfiguration section */
		BC43B3681F03DE1C00998A59 /* Debug */ = {
			isa = XCBuildConfiguration;
			buildSettings = {
				ALWAYS_SEARCH_USER_PATHS = NO;
				CLANG_ANALYZER_LOCALIZABILITY_NONLOCALIZED = YES;
				CLANG_ANALYZER_NONNULL = YES;
				CLANG_ANALYZER_NUMBER_OBJECT_CONVERSION = YES_AGGRESSIVE;
				CLANG_CXX_LANGUAGE_STANDARD = "gnu++0x";
				CLANG_CXX_LIBRARY = "libc++";
				CLANG_ENABLE_MODULES = YES;
				CLANG_ENABLE_OBJC_ARC = YES;
				CLANG_WARN_BOOL_CONVERSION = YES;
				CLANG_WARN_CONSTANT_CONVERSION = YES;
				CLANG_WARN_DIRECT_OBJC_ISA_USAGE = YES_ERROR;
				CLANG_WARN_DOCUMENTATION_COMMENTS = YES;
				CLANG_WARN_EMPTY_BODY = YES;
				CLANG_WARN_ENUM_CONVERSION = YES;
				CLANG_WARN_INFINITE_RECURSION = YES;
				CLANG_WARN_INT_CONVERSION = YES;
				CLANG_WARN_OBJC_ROOT_CLASS = YES_ERROR;
				CLANG_WARN_SUSPICIOUS_MOVE = YES;
				CLANG_WARN_UNREACHABLE_CODE = YES;
				CLANG_WARN__DUPLICATE_METHOD_MATCH = YES;
				"CODE_SIGN_IDENTITY[sdk=iphoneos*]" = "iPhone Developer";
				COPY_PHASE_STRIP = NO;
				DEBUG_INFORMATION_FORMAT = dwarf;
				ENABLE_STRICT_OBJC_MSGSEND = YES;
				ENABLE_TESTABILITY = YES;
				GCC_C_LANGUAGE_STANDARD = gnu99;
				GCC_DYNAMIC_NO_PIC = NO;
				GCC_NO_COMMON_BLOCKS = YES;
				GCC_OPTIMIZATION_LEVEL = 0;
				GCC_PREPROCESSOR_DEFINITIONS = (
					"DEBUG=1",
					"$(inherited)",
				);
				GCC_WARN_64_TO_32_BIT_CONVERSION = YES;
				GCC_WARN_ABOUT_RETURN_TYPE = YES_ERROR;
				GCC_WARN_UNDECLARED_SELECTOR = YES;
				GCC_WARN_UNINITIALIZED_AUTOS = YES_AGGRESSIVE;
				GCC_WARN_UNUSED_FUNCTION = YES;
				GCC_WARN_UNUSED_VARIABLE = YES;
				IPHONEOS_DEPLOYMENT_TARGET = 10.3;
				MTL_ENABLE_DEBUG_INFO = YES;
				ONLY_ACTIVE_ARCH = YES;
				SDKROOT = iphoneos;
				TARGETED_DEVICE_FAMILY = "1,2";
			};
			name = Debug;
		};
		BC43B3691F03DE1C00998A59 /* Release */ = {
			isa = XCBuildConfiguration;
			buildSettings = {
				ALWAYS_SEARCH_USER_PATHS = NO;
				CLANG_ANALYZER_LOCALIZABILITY_NONLOCALIZED = YES;
				CLANG_ANALYZER_NONNULL = YES;
				CLANG_ANALYZER_NUMBER_OBJECT_CONVERSION = YES_AGGRESSIVE;
				CLANG_CXX_LANGUAGE_STANDARD = "gnu++0x";
				CLANG_CXX_LIBRARY = "libc++";
				CLANG_ENABLE_MODULES = YES;
				CLANG_ENABLE_OBJC_ARC = YES;
				CLANG_WARN_BOOL_CONVERSION = YES;
				CLANG_WARN_CONSTANT_CONVERSION = YES;
				CLANG_WARN_DIRECT_OBJC_ISA_USAGE = YES_ERROR;
				CLANG_WARN_DOCUMENTATION_COMMENTS = YES;
				CLANG_WARN_EMPTY_BODY = YES;
				CLANG_WARN_ENUM_CONVERSION = YES;
				CLANG_WARN_INFINITE_RECURSION = YES;
				CLANG_WARN_INT_CONVERSION = YES;
				CLANG_WARN_OBJC_ROOT_CLASS = YES_ERROR;
				CLANG_WARN_SUSPICIOUS_MOVE = YES;
				CLANG_WARN_UNREACHABLE_CODE = YES;
				CLANG_WARN__DUPLICATE_METHOD_MATCH = YES;
				"CODE_SIGN_IDENTITY[sdk=iphoneos*]" = "iPhone Developer";
				COPY_PHASE_STRIP = NO;
				DEBUG_INFORMATION_FORMAT = "dwarf-with-dsym";
				ENABLE_NS_ASSERTIONS = NO;
				ENABLE_STRICT_OBJC_MSGSEND = YES;
				GCC_C_LANGUAGE_STANDARD = gnu99;
				GCC_NO_COMMON_BLOCKS = YES;
				GCC_WARN_64_TO_32_BIT_CONVERSION = YES;
				GCC_WARN_ABOUT_RETURN_TYPE = YES_ERROR;
				GCC_WARN_UNDECLARED_SELECTOR = YES;
				GCC_WARN_UNINITIALIZED_AUTOS = YES_AGGRESSIVE;
				GCC_WARN_UNUSED_FUNCTION = YES;
				GCC_WARN_UNUSED_VARIABLE = YES;
				IPHONEOS_DEPLOYMENT_TARGET = 10.3;
				MTL_ENABLE_DEBUG_INFO = NO;
				SDKROOT = iphoneos;
				TARGETED_DEVICE_FAMILY = "1,2";
				VALIDATE_PRODUCT = YES;
			};
			name = Release;
		};
		BC43B36B1F03DE1C00998A59 /* Debug */ = {
			isa = XCBuildConfiguration;
			baseConfigurationReference = CB36B70873C5A58756C5E2F3 /* Pods-SkyPixel.debug.xcconfig */;
			buildSettings = {
				ASSETCATALOG_COMPILER_APPICON_NAME = AppIcon;
				DEVELOPMENT_TEAM = S78RUL88S5;
				ENABLE_BITCODE = NO;
				INFOPLIST_FILE = SkyPixel/Info.plist;
				IPHONEOS_DEPLOYMENT_TARGET = 9.0;
				LD_RUNPATH_SEARCH_PATHS = "$(inherited) @executable_path/Frameworks";
				LIBRARY_SEARCH_PATHS = (
					"$(inherited)",
					"$(PROJECT_DIR)/SkyPixel",
				);
				PRODUCT_BUNDLE_IDENTIFIER = com.xiang.SkyPixel;
				PRODUCT_NAME = "$(TARGET_NAME)";
				USER_HEADER_SEARCH_PATHS = "${SOURCE_ROOT}/include/**";
			};
			name = Debug;
		};
		BC43B36C1F03DE1C00998A59 /* Release */ = {
			isa = XCBuildConfiguration;
			baseConfigurationReference = 2C4190FAF7ADBD31F8C81B45 /* Pods-SkyPixel.release.xcconfig */;
			buildSettings = {
				ASSETCATALOG_COMPILER_APPICON_NAME = AppIcon;
				DEVELOPMENT_TEAM = S78RUL88S5;
				ENABLE_BITCODE = NO;
				INFOPLIST_FILE = SkyPixel/Info.plist;
				IPHONEOS_DEPLOYMENT_TARGET = 9.0;
				LD_RUNPATH_SEARCH_PATHS = "$(inherited) @executable_path/Frameworks";
				LIBRARY_SEARCH_PATHS = (
					"$(inherited)",
					"$(PROJECT_DIR)/SkyPixel",
				);
				PRODUCT_BUNDLE_IDENTIFIER = com.xiang.SkyPixel;
				PRODUCT_NAME = "$(TARGET_NAME)";
				USER_HEADER_SEARCH_PATHS = "${SOURCE_ROOT}/include/**";
			};
			name = Release;
		};
/* End XCBuildConfiguration section */

/* Begin XCConfigurationList section */
		BC43B34E1F03DE1C00998A59 /* Build configuration list for PBXProject "SkyPixel" */ = {
			isa = XCConfigurationList;
			buildConfigurations = (
				BC43B3681F03DE1C00998A59 /* Debug */,
				BC43B3691F03DE1C00998A59 /* Release */,
			);
			defaultConfigurationIsVisible = 0;
			defaultConfigurationName = Release;
		};
		BC43B36A1F03DE1C00998A59 /* Build configuration list for PBXNativeTarget "SkyPixel" */ = {
			isa = XCConfigurationList;
			buildConfigurations = (
				BC43B36B1F03DE1C00998A59 /* Debug */,
				BC43B36C1F03DE1C00998A59 /* Release */,
			);
			defaultConfigurationIsVisible = 0;
			defaultConfigurationName = Release;
		};
/* End XCConfigurationList section */
	};
	rootObject = BC43B34B1F03DE1C00998A59 /* Project object */;
}
